// !$*UTF8*$!
{
	archiveVersion = 1;
	classes = {
	};
	objectVersion = 50;
	objects = {

/* Begin PBXBuildFile section */
		F899181526F8C99C0060978B /* AppDelegate.swift in Sources */ = {isa = PBXBuildFile; fileRef = F899181426F8C99C0060978B /* AppDelegate.swift */; };
		F899181726F8C99C0060978B /* SceneDelegate.swift in Sources */ = {isa = PBXBuildFile; fileRef = F899181626F8C99C0060978B /* SceneDelegate.swift */; };
		F899181926F8C99C0060978B /* ViewController.swift in Sources */ = {isa = PBXBuildFile; fileRef = F899181826F8C99C0060978B /* ViewController.swift */; };
		F899181C26F8C99C0060978B /* Main.storyboard in Resources */ = {isa = PBXBuildFile; fileRef = F899181A26F8C99C0060978B /* Main.storyboard */; };
		F899181E26F8C99E0060978B /* Assets.xcassets in Resources */ = {isa = PBXBuildFile; fileRef = F899181D26F8C99E0060978B /* Assets.xcassets */; };
		F899182126F8C99E0060978B /* LaunchScreen.storyboard in Resources */ = {isa = PBXBuildFile; fileRef = F899181F26F8C99E0060978B /* LaunchScreen.storyboard */; };
/* End PBXBuildFile section */

/* Begin PBXFileReference section */
		F899181126F8C99C0060978B /* Swift_Tabbar_Component_S.app */ = {isa = PBXFileReference; explicitFileType = wrapper.application; includeInIndex = 0; path = Swift_Tabbar_Component_S.app; sourceTree = BUILT_PRODUCTS_DIR; };
		F899181426F8C99C0060978B /* AppDelegate.swift */ = {isa = PBXFileReference; lastKnownFileType = sourcecode.swift; path = AppDelegate.swift; sourceTree = "<group>"; };
		F899181626F8C99C0060978B /* SceneDelegate.swift */ = {isa = PBXFileReference; lastKnownFileType = sourcecode.swift; path = SceneDelegate.swift; sourceTree = "<group>"; };
		F899181826F8C99C0060978B /* ViewController.swift */ = {isa = PBXFileReference; lastKnownFileType = sourcecode.swift; path = ViewController.swift; sourceTree = "<group>"; };
		F899181B26F8C99C0060978B /* Base */ = {isa = PBXFileReference; lastKnownFileType = file.storyboard; name = Base; path = Base.lproj/Main.storyboard; sourceTree = "<group>"; };
		F899181D26F8C99E0060978B /* Assets.xcassets */ = {isa = PBXFileReference; lastKnownFileType = folder.assetcatalog; path = Assets.xcassets; sourceTree = "<group>"; };
		F899182026F8C99E0060978B /* Base */ = {isa = PBXFileReference; lastKnownFileType = file.storyboard; name = Base; path = Base.lproj/LaunchScreen.storyboard; sourceTree = "<group>"; };
		F899182226F8C99E0060978B /* Info.plist */ = {isa = PBXFileReference; lastKnownFileType = text.plist.xml; path = Info.plist; sourceTree = "<group>"; };
/* End PBXFileReference section */

/* Begin PBXFrameworksBuildPhase section */
		F899180E26F8C99C0060978B /* Frameworks */ = {
			isa = PBXFrameworksBuildPhase;
			buildActionMask = 2147483647;
			files = (
			);
			runOnlyForDeploymentPostprocessing = 0;
		};
/* End PBXFrameworksBuildPhase section */

/* Begin PBXGroup section */
		F899180826F8C99C0060978B = {
			isa = PBXGroup;
			children = (
				F899181326F8C99C0060978B /* Swift_Tabbar_Component_S */,
				F899181226F8C99C0060978B /* Products */,
			);
			sourceTree = "<group>";
		};
		F899181226F8C99C0060978B /* Products */ = {
			isa = PBXGroup;
			children = (
				F899181126F8C99C0060978B /* Swift_Tabbar_Component_S.app */,
			);
			name = Products;
			sourceTree = "<group>";
		};
		F899181326F8C99C0060978B /* Swift_Tabbar_Component_S */ = {
			isa = PBXGroup;
			children = (
				F899181426F8C99C0060978B /* AppDelegate.swift */,
				F899181626F8C99C0060978B /* SceneDelegate.swift */,
				F899181826F8C99C0060978B /* ViewController.swift */,
				F899181A26F8C99C0060978B /* Main.storyboard */,
				F899181D26F8C99E0060978B /* Assets.xcassets */,
				F899181F26F8C99E0060978B /* LaunchScreen.storyboard */,
				F899182226F8C99E0060978B /* Info.plist */,
			);
			path = Swift_Tabbar_Component_S;
			sourceTree = "<group>";
		};
/* End PBXGroup section */

/* Begin PBXNativeTarget section */
		F899181026F8C99C0060978B /* Swift_Tabbar_Component_S */ = {
			isa = PBXNativeTarget;
			buildConfigurationList = F899182526F8C99E0060978B /* Build configuration list for PBXNativeTarget "Swift_Tabbar_Component_S" */;
			buildPhases = (
				F899180D26F8C99C0060978B /* Sources */,
				F899180E26F8C99C0060978B /* Frameworks */,
				F899180F26F8C99C0060978B /* Resources */,
			);
			buildRules = (
			);
			dependencies = (
			);
			name = Swift_Tabbar_Component_S;
			productName = Swift_Tabbar_Component_S;
			productReference = F899181126F8C99C0060978B /* Swift_Tabbar_Component_S.app */;
			productType = "com.apple.product-type.application";
		};
/* End PBXNativeTarget section */

/* Begin PBXProject section */
		F899180926F8C99C0060978B /* Project object */ = {
			isa = PBXProject;
			attributes = {
				LastSwiftUpdateCheck = 1240;
				LastUpgradeCheck = 1240;
				TargetAttributes = {
					F899181026F8C99C0060978B = {
						CreatedOnToolsVersion = 12.4;
					};
				};
			};
			buildConfigurationList = F899180C26F8C99C0060978B /* Build configuration list for PBXProject "Swift_Tabbar_Component_S" */;
			compatibilityVersion = "Xcode 9.3";
			developmentRegion = en;
			hasScannedForEncodings = 0;
			knownRegions = (
				en,
				Base,
			);
			mainGroup = F899180826F8C99C0060978B;
			productRefGroup = F899181226F8C99C0060978B /* Products */;
			projectDirPath = "";
			projectRoot = "";
			targets = (
				F899181026F8C99C0060978B /* Swift_Tabbar_Component_S */,
			);
		};
/* End PBXProject section */

/* Begin PBXResourcesBuildPhase section */
		F899180F26F8C99C0060978B /* Resources */ = {
			isa = PBXResourcesBuildPhase;
			buildActionMask = 2147483647;
			files = (
				F899182126F8C99E0060978B /* LaunchScreen.storyboard in Resources */,
				F899181E26F8C99E0060978B /* Assets.xcassets in Resources */,
				F899181C26F8C99C0060978B /* Main.storyboard in Resources */,
			);
			runOnlyForDeploymentPostprocessing = 0;
		};
/* End PBXResourcesBuildPhase section */

/* Begin PBXSourcesBuildPhase section */
		F899180D26F8C99C0060978B /* Sources */ = {
			isa = PBXSourcesBuildPhase;
			buildActionMask = 2147483647;
			files = (
				F899181926F8C99C0060978B /* ViewController.swift in Sources */,
				F899181526F8C99C0060978B /* AppDelegate.swift in Sources */,
				F899181726F8C99C0060978B /* SceneDelegate.swift in Sources */,
			);
			runOnlyForDeploymentPostprocessing = 0;
		};
/* End PBXSourcesBuildPhase section */

/* Begin PBXVariantGroup section */
		F899181A26F8C99C0060978B /* Main.storyboard */ = {
			isa = PBXVariantGroup;
			children = (
				F899181B26F8C99C0060978B /* Base */,
			);
			name = Main.storyboard;
			sourceTree = "<group>";
		};
		F899181F26F8C99E0060978B /* LaunchScreen.storyboard */ = {
			isa = PBXVariantGroup;
			children = (
				F899182026F8C99E0060978B /* Base */,
			);
			name = LaunchScreen.storyboard;
			sourceTree = "<group>";
		};
/* End PBXVariantGroup section */

/* Begin XCBuildConfiguration section */
		F899182326F8C99E0060978B /* Debug */ = {
			isa = XCBuildConfiguration;
			buildSettings = {
				ALWAYS_SEARCH_USER_PATHS = NO;
				CLANG_ANALYZER_NONNULL = YES;
				CLANG_ANALYZER_NUMBER_OBJECT_CONVERSION = YES_AGGRESSIVE;
				CLANG_CXX_LANGUAGE_STANDARD = "gnu++14";
				CLANG_CXX_LIBRARY = "libc++";
				CLANG_ENABLE_MODULES = YES;
				CLANG_ENABLE_OBJC_ARC = YES;
				CLANG_ENABLE_OBJC_WEAK = YES;
				CLANG_WARN_BLOCK_CAPTURE_AUTORELEASING = YES;
				CLANG_WARN_BOOL_CONVERSION = YES;
				CLANG_WARN_COMMA = YES;
				CLANG_WARN_CONSTANT_CONVERSION = YES;
				CLANG_WARN_DEPRECATED_OBJC_IMPLEMENTATIONS = YES;
				CLANG_WARN_DIRECT_OBJC_ISA_USAGE = YES_ERROR;
				CLANG_WARN_DOCUMENTATION_COMMENTS = YES;
				CLANG_WARN_EMPTY_BODY = YES;
				CLANG_WARN_ENUM_CONVERSION = YES;
				CLANG_WARN_INFINITE_RECURSION = YES;
				CLANG_WARN_INT_CONVERSION = YES;
				CLANG_WARN_NON_LITERAL_NULL_CONVERSION = YES;
				CLANG_WARN_OBJC_IMPLICIT_RETAIN_SELF = YES;
				CLANG_WARN_OBJC_LITERAL_CONVERSION = YES;
				CLANG_WARN_OBJC_ROOT_CLASS = YES_ERROR;
				CLANG_WARN_QUOTED_INCLUDE_IN_FRAMEWORK_HEADER = YES;
				CLANG_WARN_RANGE_LOOP_ANALYSIS = YES;
				CLANG_WARN_STRICT_PROTOTYPES = YES;
				CLANG_WARN_SUSPICIOUS_MOVE = YES;
				CLANG_WARN_UNGUARDED_AVAILABILITY = YES_AGGRESSIVE;
				CLANG_WARN_UNREACHABLE_CODE = YES;
				CLANG_WARN__DUPLICATE_METHOD_MATCH = YES;
				COPY_PHASE_STRIP = NO;
				DEBUG_INFORMATION_FORMAT = dwarf;
				ENABLE_STRICT_OBJC_MSGSEND = YES;
				ENABLE_TESTABILITY = YES;
				GCC_C_LANGUAGE_STANDARD = gnu11;
				GCC_DYNAMIC_NO_PIC = NO;
				GCC_NO_COMMON_BLOCKS = YES;
				GCC_OPTIMIZATION_LEVEL = 0;
				GCC_PREPROCESSOR_DEFINITIONS = (
					"DEBUG=1",
					"$(inherited)",
				);
				GCC_WARN_64_TO_32_BIT_CONVERSION = YES;
				GCC_WARN_ABOUT_RETURN_TYPE = YES_ERROR;
				GCC_WARN_UNDECLARED_SELECTOR = YES;
				GCC_WARN_UNINITIALIZED_AUTOS = YES_AGGRESSIVE;
				GCC_WARN_UNUSED_FUNCTION = YES;
				GCC_WARN_UNUSED_VARIABLE = YES;
				IPHONEOS_DEPLOYMENT_TARGET = 14.4;
				MTL_ENABLE_DEBUG_INFO = INCLUDE_SOURCE;
				MTL_FAST_MATH = YES;
				ONLY_ACTIVE_ARCH = YES;
				SDKROOT = iphoneos;
				SWIFT_ACTIVE_COMPILATION_CONDITIONS = DEBUG;
				SWIFT_OPTIMIZATION_LEVEL = "-Onone";
			};
			name = Debug;
		};
		F899182426F8C99E0060978B /* Release */ = {
			isa = XCBuildConfiguration;
			buildSettings = {
				ALWAYS_SEARCH_USER_PATHS = NO;
				CLANG_ANALYZER_NONNULL = YES;
				CLANG_ANALYZER_NUMBER_OBJECT_CONVERSION = YES_AGGRESSIVE;
				CLANG_CXX_LANGUAGE_STANDARD = "gnu++14";
				CLANG_CXX_LIBRARY = "libc++";
				CLANG_ENABLE_MODULES = YES;
				CLANG_ENABLE_OBJC_ARC = YES;
				CLANG_ENABLE_OBJC_WEAK = YES;
				CLANG_WARN_BLOCK_CAPTURE_AUTORELEASING = YES;
				CLANG_WARN_BOOL_CONVERSION = YES;
				CLANG_WARN_COMMA = YES;
				CLANG_WARN_CONSTANT_CONVERSION = YES;
				CLANG_WARN_DEPRECATED_OBJC_IMPLEMENTATIONS = YES;
				CLANG_WARN_DIRECT_OBJC_ISA_USAGE = YES_ERROR;
				CLANG_WARN_DOCUMENTATION_COMMENTS = YES;
				CLANG_WARN_EMPTY_BODY = YES;
				CLANG_WARN_ENUM_CONVERSION = YES;
				CLANG_WARN_INFINITE_RECURSION = YES;
				CLANG_WARN_INT_CONVERSION = YES;
				CLANG_WARN_NON_LITERAL_NULL_CONVERSION = YES;
				CLANG_WARN_OBJC_IMPLICIT_RETAIN_SELF = YES;
				CLANG_WARN_OBJC_LITERAL_CONVERSION = YES;
				CLANG_WARN_OBJC_ROOT_CLASS = YES_ERROR;
				CLANG_WARN_QUOTED_INCLUDE_IN_FRAMEWORK_HEADER = YES;
				CLANG_WARN_RANGE_LOOP_ANALYSIS = YES;
				CLANG_WARN_STRICT_PROTOTYPES = YES;
				CLANG_WARN_SUSPICIOUS_MOVE = YES;
				CLANG_WARN_UNGUARDED_AVAILABILITY = YES_AGGRESSIVE;
				CLANG_WARN_UNREACHABLE_CODE = YES;
				CLANG_WARN__DUPLICATE_METHOD_MATCH = YES;
				COPY_PHASE_STRIP = NO;
				DEBUG_INFORMATION_FORMAT = "dwarf-with-dsym";
				ENABLE_NS_ASSERTIONS = NO;
				ENABLE_STRICT_OBJC_MSGSEND = YES;
				GCC_C_LANGUAGE_STANDARD = gnu11;
				GCC_NO_COMMON_BLOCKS = YES;
				GCC_WARN_64_TO_32_BIT_CONVERSION = YES;
				GCC_WARN_ABOUT_RETURN_TYPE = YES_ERROR;
				GCC_WARN_UNDECLARED_SELECTOR = YES;
				GCC_WARN_UNINITIALIZED_AUTOS = YES_AGGRESSIVE;
				GCC_WARN_UNUSED_FUNCTION = YES;
				GCC_WARN_UNUSED_VARIABLE = YES;
				IPHONEOS_DEPLOYMENT_TARGET = 14.4;
				MTL_ENABLE_DEBUG_INFO = NO;
				MTL_FAST_MATH = YES;
				SDKROOT = iphoneos;
				SWIFT_COMPILATION_MODE = wholemodule;
				SWIFT_OPTIMIZATION_LEVEL = "-O";
				VALIDATE_PRODUCT = YES;
			};
			name = Release;
		};
		F899182626F8C99E0060978B /* Debug */ = {
			isa = XCBuildConfiguration;
			buildSettings = {
				ASSETCATALOG_COMPILER_APPICON_NAME = AppIcon;
				ASSETCATALOG_COMPILER_GLOBAL_ACCENT_COLOR_NAME = AccentColor;
				CODE_SIGN_STYLE = Automatic;
				DEVELOPMENT_TEAM = 2584UNKWXQ;
				INFOPLIST_FILE = Swift_Tabbar_Component_S/Info.plist;
				LD_RUNPATH_SEARCH_PATHS = (
					"$(inherited)",
					"@executable_path/Frameworks",
				);
				PRODUCT_BUNDLE_IDENTIFIER = "com.serkanApp.Swift-Tabbar-Component-S";
				PRODUCT_NAME = "$(TARGET_NAME)";
				SWIFT_VERSION = 5.0;
				TARGETED_DEVICE_FAMILY = "1,2";
			};
			name = Debug;
		};
		F899182726F8C99E0060978B /* Release */ = {
			isa = XCBuildConfiguration;
			buildSettings = {
				ASSETCATALOG_COMPILER_APPICON_NAME = AppIcon;
				ASSETCATALOG_COMPILER_GLOBAL_ACCENT_COLOR_NAME = AccentColor;
				CODE_SIGN_STYLE = Automatic;
				DEVELOPMENT_TEAM = 2584UNKWXQ;
				INFOPLIST_FILE = Swift_Tabbar_Component_S/Info.plist;
				LD_RUNPATH_SEARCH_PATHS = (
					"$(inherited)",
					"@executable_path/Frameworks",
				);
				PRODUCT_BUNDLE_IDENTIFIER = "com.serkanApp.Swift-Tabbar-Component-S";
				PRODUCT_NAME = "$(TARGET_NAME)";
				SWIFT_VERSION = 5.0;
				TARGETED_DEVICE_FAMILY = "1,2";
			};
			name = Release;
		};
/* End XCBuildConfiguration section */

/* Begin XCConfigurationList section */
		F899180C26F8C99C0060978B /* Build configuration list for PBXProject "Swift_Tabbar_Component_S" */ = {
			isa = XCConfigurationList;
			buildConfigurations = (
				F899182326F8C99E0060978B /* Debug */,
				F899182426F8C99E0060978B /* Release */,
			);
			defaultConfigurationIsVisible = 0;
			defaultConfigurationName = Release;
		};
		F899182526F8C99E0060978B /* Build configuration list for PBXNativeTarget "Swift_Tabbar_Component_S" */ = {
			isa = XCConfigurationList;
			buildConfigurations = (
				F899182626F8C99E0060978B /* Debug */,
				F899182726F8C99E0060978B /* Release */,
			);
			defaultConfigurationIsVisible = 0;
			defaultConfigurationName = Release;
		};
/* End XCConfigurationList section */
	};
	rootObject = F899180926F8C99C0060978B /* Project object */;
}
